{
    "_readme": [
        "This file locks the dependencies of your project to a known state",
        "Read more about it at https://getcomposer.org/doc/01-basic-usage.md#composer-lock-the-lock-file",
        "This file is @generated automatically"
    ],
    "hash": "5304e6efd672c8b6479c04bea0021630",
    "content-hash": "b76d15ea181aaaacd507bcaf17b951d6",
    "packages": [
        {
            "name": "webgeeker/utils",
            "version": "0.1",
            "source": {
                "type": "git",
                "url": "https://github.com/photondragon/webgeeker-utils.git",
                "reference": "3f8fe9ac144032824b2fec94f2ecf0b58eb2ead0"
            },
            "dist": {
                "type": "zip",
                "url": "https://api.github.com/repos/photondragon/webgeeker-utils/zipball/3f8fe9ac144032824b2fec94f2ecf0b58eb2ead0",
                "reference": "3f8fe9ac144032824b2fec94f2ecf0b58eb2ead0",
                "shasum": ""
            },
            "type": "library",
            "autoload": {
                "psr-4": {
                    "WebGeeker\\Utils\\": "src/Utils/"
                }
            },
            "notification-url": "https://packagist.org/downloads/",
            "license": [
                "MIT"
            ],
            "authors": [
                {
                    "name": "photondragon",
                    "email": "photondragon@163.com"
                }
            ],
            "description": "utilities for WebGeeker",
            "time": "2017-03-05 15:17:34"
        }
    ],
    "packages-dev": [],
    "aliases": [],
    "minimum-stability": "stable",
    "stability-flags": [],
    "prefer-stable": false,
    "prefer-lowest": false,
    "platform": [],
    "platform-dev": []
}
